
Microsoft Visual Studio Solution File, Format Version 12.00
# Visual Studio Version 16
VisualStudioVersion = 16.0.30804.86
MinimumVisualStudioVersion = 10.0.40219.1
Project("{FAE04EC0-301F-11D3-BF4B-00C04F79EFBC}") = "PerfTest", "PerfTest\PerfTest.csproj", "{100DE769-A393-4CB9-806F-DCDC3FF8571C}"
EndProject
Global
	GlobalSection(SolutionConfigurationPlatforms) = preSolution
		Debug|Any CPU = Debug|Any CPU
		Release|Any CPU = Release|Any CPU
	EndGlobalSection
	GlobalSection(ProjectConfigurationPlatforms) = postSolution
		{100DE769-A393-4CB9-806F-DCDC3FF8571C}.Debug|Any CPU.ActiveCfg = Debug|Any CPU
		{100DE769-A393-4CB9-806F-DCDC3FF8571C}.Debug|Any CPU.Build.0 = Debug|Any CPU
		{100DE769-A393-4CB9-806F-DCDC3FF8571C}.Release|Any CPU.ActiveCfg = Release|Any CPU
		{100DE769-A393-4CB9-806F-DCDC3FF8571C}.Release|Any CPU.Build.0 = Release|Any CPU
	EndGlobalSection
	GlobalSection(SolutionProperties) = preSolution
		HideSolutionNode = FALSE
	EndGlobalSection
	GlobalSection(ExtensibilityGlobals) = postSolution
		SolutionGuid = {91354086-C210-4874-B1B3-C0334561EC4D}
	EndGlobalSection
EndGlobal
